
Microsoft Visual Studio Solution File, Format Version 12.00
# Visual Studio Version 17
VisualStudioVersion = 17.2.32526.322
MinimumVisualStudioVersion = 10.0.40219.1
Project("{FAE04EC0-301F-11D3-BF4B-00C04F79EFBC}") = "TriangleWithANumber", "TriangleWithANumber\TriangleWithANumber.csproj", "{95137E9B-8648-41DB-8E3E-BE8AC45EF45D}"
EndProject
Global
	GlobalSection(SolutionConfigurationPlatforms) = preSolution
		Debug|Any CPU = Debug|Any CPU
		Release|Any CPU = Release|Any CPU
	EndGlobalSection
	GlobalSection(ProjectConfigurationPlatforms) = postSolution
		{95137E9B-8648-41DB-8E3E-BE8AC45EF45D}.Debug|Any CPU.ActiveCfg = Debug|Any CPU
		{95137E9B-8648-41DB-8E3E-BE8AC45EF45D}.Debug|Any CPU.Build.0 = Debug|Any CPU
		{95137E9B-8648-41DB-8E3E-BE8AC45EF45D}.Release|Any CPU.ActiveCfg = Release|Any CPU
		{95137E9B-8648-41DB-8E3E-BE8AC45EF45D}.Release|Any CPU.Build.0 = Release|Any CPU
	EndGlobalSection
	GlobalSection(SolutionProperties) = preSolution
		HideSolutionNode = FALSE
	EndGlobalSection
	GlobalSection(ExtensibilityGlobals) = postSolution
		SolutionGuid = {033478BE-C7EE-4442-A51A-46781931B49E}
	EndGlobalSection
EndGlobal
