
Microsoft Visual Studio Solution File, Format Version 12.00
# Visual Studio Version 17
VisualStudioVersion = 17.2.32526.322
MinimumVisualStudioVersion = 10.0.40219.1
Project("{FAE04EC0-301F-11D3-BF4B-00C04F79EFBC}") = "PerimetrAndAreaOfTheCircle", "PerimetrAndAreaOfTheCircle\PerimetrAndAreaOfTheCircle.csproj", "{2F0C0468-4D94-4A4E-82E8-8C286E22ED1D}"
EndProject
Global
	GlobalSection(SolutionConfigurationPlatforms) = preSolution
		Debug|Any CPU = Debug|Any CPU
		Release|Any CPU = Release|Any CPU
	EndGlobalSection
	GlobalSection(ProjectConfigurationPlatforms) = postSolution
		{2F0C0468-4D94-4A4E-82E8-8C286E22ED1D}.Debug|Any CPU.ActiveCfg = Debug|Any CPU
		{2F0C0468-4D94-4A4E-82E8-8C286E22ED1D}.Debug|Any CPU.Build.0 = Debug|Any CPU
		{2F0C0468-4D94-4A4E-82E8-8C286E22ED1D}.Release|Any CPU.ActiveCfg = Release|Any CPU
		{2F0C0468-4D94-4A4E-82E8-8C286E22ED1D}.Release|Any CPU.Build.0 = Release|Any CPU
	EndGlobalSection
	GlobalSection(SolutionProperties) = preSolution
		HideSolutionNode = FALSE
	EndGlobalSection
	GlobalSection(ExtensibilityGlobals) = postSolution
		SolutionGuid = {55E55365-6E36-431E-831B-7CFD01505FE3}
	EndGlobalSection
EndGlobal
