
Microsoft Visual Studio Solution File, Format Version 12.00
# Visual Studio Version 17
VisualStudioVersion = 17.2.32526.322
MinimumVisualStudioVersion = 10.0.40219.1
Project("{FAE04EC0-301F-11D3-BF4B-00C04F79EFBC}") = "IsItMultipleOf3Or7ButNotBoth", "IsItMultipleOf3Or7ButNotBoth\IsItMultipleOf3Or7ButNotBoth.csproj", "{A1B855DB-F5E7-4ECD-BD57-F3BA032EAFA5}"
EndProject
Global
	GlobalSection(SolutionConfigurationPlatforms) = preSolution
		Debug|Any CPU = Debug|Any CPU
		Release|Any CPU = Release|Any CPU
	EndGlobalSection
	GlobalSection(ProjectConfigurationPlatforms) = postSolution
		{A1B855DB-F5E7-4ECD-BD57-F3BA032EAFA5}.Debug|Any CPU.ActiveCfg = Debug|Any CPU
		{A1B855DB-F5E7-4ECD-BD57-F3BA032EAFA5}.Debug|Any CPU.Build.0 = Debug|Any CPU
		{A1B855DB-F5E7-4ECD-BD57-F3BA032EAFA5}.Release|Any CPU.ActiveCfg = Release|Any CPU
		{A1B855DB-F5E7-4ECD-BD57-F3BA032EAFA5}.Release|Any CPU.Build.0 = Release|Any CPU
	EndGlobalSection
	GlobalSection(SolutionProperties) = preSolution
		HideSolutionNode = FALSE
	EndGlobalSection
	GlobalSection(ExtensibilityGlobals) = postSolution
		SolutionGuid = {F1DEE428-0A47-4BE0-BB5C-4051D71EC795}
	EndGlobalSection
EndGlobal
