
Microsoft Visual Studio Solution File, Format Version 12.00
# Visual Studio Version 17
VisualStudioVersion = 17.2.32526.322
MinimumVisualStudioVersion = 10.0.40219.1
Project("{FAE04EC0-301F-11D3-BF4B-00C04F79EFBC}") = "FindAndSumTheSeriesOfOne", "FindAndSumTheSeriesOfOne\FindAndSumTheSeriesOfOne.csproj", "{05266C4F-2B65-4C81-97C4-A4447922A2DD}"
EndProject
Global
	GlobalSection(SolutionConfigurationPlatforms) = preSolution
		Debug|Any CPU = Debug|Any CPU
		Release|Any CPU = Release|Any CPU
	EndGlobalSection
	GlobalSection(ProjectConfigurationPlatforms) = postSolution
		{05266C4F-2B65-4C81-97C4-A4447922A2DD}.Debug|Any CPU.ActiveCfg = Debug|Any CPU
		{05266C4F-2B65-4C81-97C4-A4447922A2DD}.Debug|Any CPU.Build.0 = Debug|Any CPU
		{05266C4F-2B65-4C81-97C4-A4447922A2DD}.Release|Any CPU.ActiveCfg = Release|Any CPU
		{05266C4F-2B65-4C81-97C4-A4447922A2DD}.Release|Any CPU.Build.0 = Release|Any CPU
	EndGlobalSection
	GlobalSection(SolutionProperties) = preSolution
		HideSolutionNode = FALSE
	EndGlobalSection
	GlobalSection(ExtensibilityGlobals) = postSolution
		SolutionGuid = {CE053567-3667-4846-A042-A043651E3666}
	EndGlobalSection
EndGlobal
