
Microsoft Visual Studio Solution File, Format Version 12.00
# Visual Studio Version 17
VisualStudioVersion = 17.2.32526.322
MinimumVisualStudioVersion = 10.0.40219.1
Project("{FAE04EC0-301F-11D3-BF4B-00C04F79EFBC}") = "CheckingIntRange", "CheckingIntRange\CheckingIntRange.csproj", "{F38A7E24-107F-4B4B-B36F-1AFDBE78C29A}"
EndProject
Global
	GlobalSection(SolutionConfigurationPlatforms) = preSolution
		Debug|Any CPU = Debug|Any CPU
		Release|Any CPU = Release|Any CPU
	EndGlobalSection
	GlobalSection(ProjectConfigurationPlatforms) = postSolution
		{F38A7E24-107F-4B4B-B36F-1AFDBE78C29A}.Debug|Any CPU.ActiveCfg = Debug|Any CPU
		{F38A7E24-107F-4B4B-B36F-1AFDBE78C29A}.Debug|Any CPU.Build.0 = Debug|Any CPU
		{F38A7E24-107F-4B4B-B36F-1AFDBE78C29A}.Release|Any CPU.ActiveCfg = Release|Any CPU
		{F38A7E24-107F-4B4B-B36F-1AFDBE78C29A}.Release|Any CPU.Build.0 = Release|Any CPU
	EndGlobalSection
	GlobalSection(SolutionProperties) = preSolution
		HideSolutionNode = FALSE
	EndGlobalSection
	GlobalSection(ExtensibilityGlobals) = postSolution
		SolutionGuid = {91024733-9296-4FE5-AF81-76B19D8CA71A}
	EndGlobalSection
EndGlobal
