
Microsoft Visual Studio Solution File, Format Version 12.00
# Visual Studio Version 17
VisualStudioVersion = 17.2.32526.322
MinimumVisualStudioVersion = 10.0.40219.1
Project("{FAE04EC0-301F-11D3-BF4B-00C04F79EFBC}") = "BothNumbersEvenOrOdd", "BothNumbersEvenOrOdd\BothNumbersEvenOrOdd.csproj", "{07192C91-14AA-44C5-B1EE-A064E786FA59}"
EndProject
Global
	GlobalSection(SolutionConfigurationPlatforms) = preSolution
		Debug|Any CPU = Debug|Any CPU
		Release|Any CPU = Release|Any CPU
	EndGlobalSection
	GlobalSection(ProjectConfigurationPlatforms) = postSolution
		{07192C91-14AA-44C5-B1EE-A064E786FA59}.Debug|Any CPU.ActiveCfg = Debug|Any CPU
		{07192C91-14AA-44C5-B1EE-A064E786FA59}.Debug|Any CPU.Build.0 = Debug|Any CPU
		{07192C91-14AA-44C5-B1EE-A064E786FA59}.Release|Any CPU.ActiveCfg = Release|Any CPU
		{07192C91-14AA-44C5-B1EE-A064E786FA59}.Release|Any CPU.Build.0 = Release|Any CPU
	EndGlobalSection
	GlobalSection(SolutionProperties) = preSolution
		HideSolutionNode = FALSE
	EndGlobalSection
	GlobalSection(ExtensibilityGlobals) = postSolution
		SolutionGuid = {2AAF652A-3236-4AAB-84B4-36E14C859856}
	EndGlobalSection
EndGlobal
