
Microsoft Visual Studio Solution File, Format Version 12.00
# Visual Studio Version 17
VisualStudioVersion = 17.2.32526.322
MinimumVisualStudioVersion = 10.0.40219.1
Project("{FAE04EC0-301F-11D3-BF4B-00C04F79EFBC}") = "TakesTheNumberAndWidthAlsoANumber", "TakesTheNumberAndWidthAlsoANumber\TakesTheNumberAndWidthAlsoANumber.csproj", "{90C5D305-BE8A-4DC7-B4C3-E4E8ABF4D664}"
EndProject
Global
	GlobalSection(SolutionConfigurationPlatforms) = preSolution
		Debug|Any CPU = Debug|Any CPU
		Release|Any CPU = Release|Any CPU
	EndGlobalSection
	GlobalSection(ProjectConfigurationPlatforms) = postSolution
		{90C5D305-BE8A-4DC7-B4C3-E4E8ABF4D664}.Debug|Any CPU.ActiveCfg = Debug|Any CPU
		{90C5D305-BE8A-4DC7-B4C3-E4E8ABF4D664}.Debug|Any CPU.Build.0 = Debug|Any CPU
		{90C5D305-BE8A-4DC7-B4C3-E4E8ABF4D664}.Release|Any CPU.ActiveCfg = Release|Any CPU
		{90C5D305-BE8A-4DC7-B4C3-E4E8ABF4D664}.Release|Any CPU.Build.0 = Release|Any CPU
	EndGlobalSection
	GlobalSection(SolutionProperties) = preSolution
		HideSolutionNode = FALSE
	EndGlobalSection
	GlobalSection(ExtensibilityGlobals) = postSolution
		SolutionGuid = {83778EA9-A17D-4851-9091-4DDDDDBAAF2E}
	EndGlobalSection
EndGlobal
