
Microsoft Visual Studio Solution File, Format Version 12.00
# Visual Studio Version 17
VisualStudioVersion = 17.2.32526.322
MinimumVisualStudioVersion = 10.0.40219.1
Project("{FAE04EC0-301F-11D3-BF4B-00C04F79EFBC}") = "FindSumOfTheSeries", "FindSumOfTheSeries\FindSumOfTheSeries.csproj", "{498F633C-1E2B-44F0-9CD9-E029CE0A25D9}"
EndProject
Global
	GlobalSection(SolutionConfigurationPlatforms) = preSolution
		Debug|Any CPU = Debug|Any CPU
		Release|Any CPU = Release|Any CPU
	EndGlobalSection
	GlobalSection(ProjectConfigurationPlatforms) = postSolution
		{498F633C-1E2B-44F0-9CD9-E029CE0A25D9}.Debug|Any CPU.ActiveCfg = Debug|Any CPU
		{498F633C-1E2B-44F0-9CD9-E029CE0A25D9}.Debug|Any CPU.Build.0 = Debug|Any CPU
		{498F633C-1E2B-44F0-9CD9-E029CE0A25D9}.Release|Any CPU.ActiveCfg = Release|Any CPU
		{498F633C-1E2B-44F0-9CD9-E029CE0A25D9}.Release|Any CPU.Build.0 = Release|Any CPU
	EndGlobalSection
	GlobalSection(SolutionProperties) = preSolution
		HideSolutionNode = FALSE
	EndGlobalSection
	GlobalSection(ExtensibilityGlobals) = postSolution
		SolutionGuid = {C4B87DA6-9C9D-4E7D-A26A-597B239EF34E}
	EndGlobalSection
EndGlobal
