
Microsoft Visual Studio Solution File, Format Version 12.00
# Visual Studio Version 17
VisualStudioVersion = 17.2.32526.322
MinimumVisualStudioVersion = 10.0.40219.1
Project("{FAE04EC0-301F-11D3-BF4B-00C04F79EFBC}") = "DisplayingPatternLikeAdiamond", "DisplayingPatternLikeAdiamond\DisplayingPatternLikeAdiamond.csproj", "{88C189A4-B0C5-47F3-8692-300ABDA9A400}"
EndProject
Global
	GlobalSection(SolutionConfigurationPlatforms) = preSolution
		Debug|Any CPU = Debug|Any CPU
		Release|Any CPU = Release|Any CPU
	EndGlobalSection
	GlobalSection(ProjectConfigurationPlatforms) = postSolution
		{88C189A4-B0C5-47F3-8692-300ABDA9A400}.Debug|Any CPU.ActiveCfg = Debug|Any CPU
		{88C189A4-B0C5-47F3-8692-300ABDA9A400}.Debug|Any CPU.Build.0 = Debug|Any CPU
		{88C189A4-B0C5-47F3-8692-300ABDA9A400}.Release|Any CPU.ActiveCfg = Release|Any CPU
		{88C189A4-B0C5-47F3-8692-300ABDA9A400}.Release|Any CPU.Build.0 = Release|Any CPU
	EndGlobalSection
	GlobalSection(SolutionProperties) = preSolution
		HideSolutionNode = FALSE
	EndGlobalSection
	GlobalSection(ExtensibilityGlobals) = postSolution
		SolutionGuid = {1300D2DE-C7B6-4A81-8B20-2F3A9BF52E80}
	EndGlobalSection
EndGlobal
