
Microsoft Visual Studio Solution File, Format Version 12.00
# Visual Studio Version 17
VisualStudioVersion = 17.2.32526.322
MinimumVisualStudioVersion = 10.0.40219.1
Project("{FAE04EC0-301F-11D3-BF4B-00C04F79EFBC}") = "DisplayTheMultiplicationTableOfGivenIntegers", "DisplayTheMultiplicationTableOfGivenIntegers\DisplayTheMultiplicationTableOfGivenIntegers.csproj", "{183E70B7-A9F0-4A25-8035-8533F4EB90CE}"
EndProject
Global
	GlobalSection(SolutionConfigurationPlatforms) = preSolution
		Debug|Any CPU = Debug|Any CPU
		Release|Any CPU = Release|Any CPU
	EndGlobalSection
	GlobalSection(ProjectConfigurationPlatforms) = postSolution
		{183E70B7-A9F0-4A25-8035-8533F4EB90CE}.Debug|Any CPU.ActiveCfg = Debug|Any CPU
		{183E70B7-A9F0-4A25-8035-8533F4EB90CE}.Debug|Any CPU.Build.0 = Debug|Any CPU
		{183E70B7-A9F0-4A25-8035-8533F4EB90CE}.Release|Any CPU.ActiveCfg = Release|Any CPU
		{183E70B7-A9F0-4A25-8035-8533F4EB90CE}.Release|Any CPU.Build.0 = Release|Any CPU
	EndGlobalSection
	GlobalSection(SolutionProperties) = preSolution
		HideSolutionNode = FALSE
	EndGlobalSection
	GlobalSection(ExtensibilityGlobals) = postSolution
		SolutionGuid = {4CF5FFB4-D442-4196-BD79-04AECDD9BE6E}
	EndGlobalSection
EndGlobal
