
Microsoft Visual Studio Solution File, Format Version 12.00
# Visual Studio Version 17
VisualStudioVersion = 17.2.32526.322
MinimumVisualStudioVersion = 10.0.40219.1
Project("{FAE04EC0-301F-11D3-BF4B-00C04F79EFBC}") = "ThreeFirstLettersCopy", "ThreeFirstLettersCopy\ThreeFirstLettersCopy.csproj", "{965ED0C7-52AF-4105-92C5-105204144F3A}"
EndProject
Global
	GlobalSection(SolutionConfigurationPlatforms) = preSolution
		Debug|Any CPU = Debug|Any CPU
		Release|Any CPU = Release|Any CPU
	EndGlobalSection
	GlobalSection(ProjectConfigurationPlatforms) = postSolution
		{965ED0C7-52AF-4105-92C5-105204144F3A}.Debug|Any CPU.ActiveCfg = Debug|Any CPU
		{965ED0C7-52AF-4105-92C5-105204144F3A}.Debug|Any CPU.Build.0 = Debug|Any CPU
		{965ED0C7-52AF-4105-92C5-105204144F3A}.Release|Any CPU.ActiveCfg = Release|Any CPU
		{965ED0C7-52AF-4105-92C5-105204144F3A}.Release|Any CPU.Build.0 = Release|Any CPU
	EndGlobalSection
	GlobalSection(SolutionProperties) = preSolution
		HideSolutionNode = FALSE
	EndGlobalSection
	GlobalSection(ExtensibilityGlobals) = postSolution
		SolutionGuid = {4FA21A88-7A46-4713-8FEE-8FFB8364545C}
	EndGlobalSection
EndGlobal
