
Microsoft Visual Studio Solution File, Format Version 12.00
# Visual Studio Version 17
VisualStudioVersion = 17.2.32526.322
MinimumVisualStudioVersion = 10.0.40219.1
Project("{FAE04EC0-301F-11D3-BF4B-00C04F79EFBC}") = "ComputingTwoIntergers", "ComputingTwoIntergers\ComputingTwoIntergers.csproj", "{3086D6F5-3658-4630-BC10-F38688E83031}"
EndProject
Global
	GlobalSection(SolutionConfigurationPlatforms) = preSolution
		Debug|Any CPU = Debug|Any CPU
		Release|Any CPU = Release|Any CPU
	EndGlobalSection
	GlobalSection(ProjectConfigurationPlatforms) = postSolution
		{3086D6F5-3658-4630-BC10-F38688E83031}.Debug|Any CPU.ActiveCfg = Debug|Any CPU
		{3086D6F5-3658-4630-BC10-F38688E83031}.Debug|Any CPU.Build.0 = Debug|Any CPU
		{3086D6F5-3658-4630-BC10-F38688E83031}.Release|Any CPU.ActiveCfg = Release|Any CPU
		{3086D6F5-3658-4630-BC10-F38688E83031}.Release|Any CPU.Build.0 = Release|Any CPU
	EndGlobalSection
	GlobalSection(SolutionProperties) = preSolution
		HideSolutionNode = FALSE
	EndGlobalSection
	GlobalSection(ExtensibilityGlobals) = postSolution
		SolutionGuid = {F8645464-1D26-4A4D-814B-8E49819D3028}
	EndGlobalSection
EndGlobal
