
Microsoft Visual Studio Solution File, Format Version 12.00
# Visual Studio Version 17
VisualStudioVersion = 17.2.32526.322
MinimumVisualStudioVersion = 10.0.40219.1
Project("{FAE04EC0-301F-11D3-BF4B-00C04F79EFBC}") = "CopyingElementsFromOneArrayToAnother", "CopyingElementsFromOneArrayToAnother\CopyingElementsFromOneArrayToAnother.csproj", "{5D1677B5-07FE-43F4-B030-018D0E7B7215}"
EndProject
Global
	GlobalSection(SolutionConfigurationPlatforms) = preSolution
		Debug|Any CPU = Debug|Any CPU
		Release|Any CPU = Release|Any CPU
	EndGlobalSection
	GlobalSection(ProjectConfigurationPlatforms) = postSolution
		{5D1677B5-07FE-43F4-B030-018D0E7B7215}.Debug|Any CPU.ActiveCfg = Debug|Any CPU
		{5D1677B5-07FE-43F4-B030-018D0E7B7215}.Debug|Any CPU.Build.0 = Debug|Any CPU
		{5D1677B5-07FE-43F4-B030-018D0E7B7215}.Release|Any CPU.ActiveCfg = Release|Any CPU
		{5D1677B5-07FE-43F4-B030-018D0E7B7215}.Release|Any CPU.Build.0 = Release|Any CPU
	EndGlobalSection
	GlobalSection(SolutionProperties) = preSolution
		HideSolutionNode = FALSE
	EndGlobalSection
	GlobalSection(ExtensibilityGlobals) = postSolution
		SolutionGuid = {57B47172-2D83-4F62-BC69-1A577F62B17A}
	EndGlobalSection
EndGlobal
