
Microsoft Visual Studio Solution File, Format Version 12.00
# Visual Studio Version 17
VisualStudioVersion = 17.2.32526.322
MinimumVisualStudioVersion = 10.0.40219.1
Project("{FAE04EC0-301F-11D3-BF4B-00C04F79EFBC}") = "CheckIsNumberPresentInAGivenArray", "CheckIsNumberPresentInAGivenArray\CheckIsNumberPresentInAGivenArray.csproj", "{ECE886C0-C720-4650-B242-08AEEB3351B9}"
EndProject
Global
	GlobalSection(SolutionConfigurationPlatforms) = preSolution
		Debug|Any CPU = Debug|Any CPU
		Release|Any CPU = Release|Any CPU
	EndGlobalSection
	GlobalSection(ProjectConfigurationPlatforms) = postSolution
		{ECE886C0-C720-4650-B242-08AEEB3351B9}.Debug|Any CPU.ActiveCfg = Debug|Any CPU
		{ECE886C0-C720-4650-B242-08AEEB3351B9}.Debug|Any CPU.Build.0 = Debug|Any CPU
		{ECE886C0-C720-4650-B242-08AEEB3351B9}.Release|Any CPU.ActiveCfg = Release|Any CPU
		{ECE886C0-C720-4650-B242-08AEEB3351B9}.Release|Any CPU.Build.0 = Release|Any CPU
	EndGlobalSection
	GlobalSection(SolutionProperties) = preSolution
		HideSolutionNode = FALSE
	EndGlobalSection
	GlobalSection(ExtensibilityGlobals) = postSolution
		SolutionGuid = {8F732D7D-608D-4DAD-91F5-D0E5A07CBE8D}
	EndGlobalSection
EndGlobal
