
Microsoft Visual Studio Solution File, Format Version 12.00
# Visual Studio Version 17
VisualStudioVersion = 17.2.32526.322
MinimumVisualStudioVersion = 10.0.40219.1
Project("{FAE04EC0-301F-11D3-BF4B-00C04F79EFBC}") = "IsSequenceOfNumbersAppearingSomwhere", "IsSequenceOfNumbersAppearingSomwhere\IsSequenceOfNumbersAppearingSomwhere.csproj", "{EBF18A79-9ADC-45B5-8908-DD89F8F5444A}"
EndProject
Global
	GlobalSection(SolutionConfigurationPlatforms) = preSolution
		Debug|Any CPU = Debug|Any CPU
		Release|Any CPU = Release|Any CPU
	EndGlobalSection
	GlobalSection(ProjectConfigurationPlatforms) = postSolution
		{EBF18A79-9ADC-45B5-8908-DD89F8F5444A}.Debug|Any CPU.ActiveCfg = Debug|Any CPU
		{EBF18A79-9ADC-45B5-8908-DD89F8F5444A}.Debug|Any CPU.Build.0 = Debug|Any CPU
		{EBF18A79-9ADC-45B5-8908-DD89F8F5444A}.Release|Any CPU.ActiveCfg = Release|Any CPU
		{EBF18A79-9ADC-45B5-8908-DD89F8F5444A}.Release|Any CPU.Build.0 = Release|Any CPU
	EndGlobalSection
	GlobalSection(SolutionProperties) = preSolution
		HideSolutionNode = FALSE
	EndGlobalSection
	GlobalSection(ExtensibilityGlobals) = postSolution
		SolutionGuid = {2CE17696-6508-4F78-A159-6BDE184E1136}
	EndGlobalSection
EndGlobal
