
Microsoft Visual Studio Solution File, Format Version 12.00
# Visual Studio Version 17
VisualStudioVersion = 17.2.32526.322
MinimumVisualStudioVersion = 10.0.40219.1
Project("{FAE04EC0-301F-11D3-BF4B-00C04F79EFBC}") = "HelloWorld + Name", "HelloWorld + Name\HelloWorld + Name.csproj", "{403C3375-4FAC-40DD-BFB6-2E45FA50CCF7}"
EndProject
Global
	GlobalSection(SolutionConfigurationPlatforms) = preSolution
		Debug|Any CPU = Debug|Any CPU
		Release|Any CPU = Release|Any CPU
	EndGlobalSection
	GlobalSection(ProjectConfigurationPlatforms) = postSolution
		{403C3375-4FAC-40DD-BFB6-2E45FA50CCF7}.Debug|Any CPU.ActiveCfg = Debug|Any CPU
		{403C3375-4FAC-40DD-BFB6-2E45FA50CCF7}.Debug|Any CPU.Build.0 = Debug|Any CPU
		{403C3375-4FAC-40DD-BFB6-2E45FA50CCF7}.Release|Any CPU.ActiveCfg = Release|Any CPU
		{403C3375-4FAC-40DD-BFB6-2E45FA50CCF7}.Release|Any CPU.Build.0 = Release|Any CPU
	EndGlobalSection
	GlobalSection(SolutionProperties) = preSolution
		HideSolutionNode = FALSE
	EndGlobalSection
	GlobalSection(ExtensibilityGlobals) = postSolution
		SolutionGuid = {6EFB3BC1-C41D-44ED-BFC9-77A6E552BF8D}
	EndGlobalSection
EndGlobal
