
Microsoft Visual Studio Solution File, Format Version 12.00
# Visual Studio Version 17
VisualStudioVersion = 17.2.32526.322
MinimumVisualStudioVersion = 10.0.40219.1
Project("{FAE04EC0-301F-11D3-BF4B-00C04F79EFBC}") = "CountString", "CountString\CountString.csproj", "{75E8999D-5EF8-4955-8C70-C09C0055BE3A}"
EndProject
Global
	GlobalSection(SolutionConfigurationPlatforms) = preSolution
		Debug|Any CPU = Debug|Any CPU
		Release|Any CPU = Release|Any CPU
	EndGlobalSection
	GlobalSection(ProjectConfigurationPlatforms) = postSolution
		{75E8999D-5EF8-4955-8C70-C09C0055BE3A}.Debug|Any CPU.ActiveCfg = Debug|Any CPU
		{75E8999D-5EF8-4955-8C70-C09C0055BE3A}.Debug|Any CPU.Build.0 = Debug|Any CPU
		{75E8999D-5EF8-4955-8C70-C09C0055BE3A}.Release|Any CPU.ActiveCfg = Release|Any CPU
		{75E8999D-5EF8-4955-8C70-C09C0055BE3A}.Release|Any CPU.Build.0 = Release|Any CPU
	EndGlobalSection
	GlobalSection(SolutionProperties) = preSolution
		HideSolutionNode = FALSE
	EndGlobalSection
	GlobalSection(ExtensibilityGlobals) = postSolution
		SolutionGuid = {05430F72-1DD4-4A6F-82E9-0091E9B7C9F8}
	EndGlobalSection
EndGlobal
