
Microsoft Visual Studio Solution File, Format Version 12.00
# Visual Studio Version 17
VisualStudioVersion = 17.2.32526.322
MinimumVisualStudioVersion = 10.0.40219.1
Project("{FAE04EC0-301F-11D3-BF4B-00C04F79EFBC}") = "FindNEvenNaturalNubersAndTheirSum", "FindNEvenNaturalNubersAndTheirSum\FindNEvenNaturalNubersAndTheirSum.csproj", "{0B0FCA91-3B81-4ECC-A389-E4721E67AA97}"
EndProject
Global
	GlobalSection(SolutionConfigurationPlatforms) = preSolution
		Debug|Any CPU = Debug|Any CPU
		Release|Any CPU = Release|Any CPU
	EndGlobalSection
	GlobalSection(ProjectConfigurationPlatforms) = postSolution
		{0B0FCA91-3B81-4ECC-A389-E4721E67AA97}.Debug|Any CPU.ActiveCfg = Debug|Any CPU
		{0B0FCA91-3B81-4ECC-A389-E4721E67AA97}.Debug|Any CPU.Build.0 = Debug|Any CPU
		{0B0FCA91-3B81-4ECC-A389-E4721E67AA97}.Release|Any CPU.ActiveCfg = Release|Any CPU
		{0B0FCA91-3B81-4ECC-A389-E4721E67AA97}.Release|Any CPU.Build.0 = Release|Any CPU
	EndGlobalSection
	GlobalSection(SolutionProperties) = preSolution
		HideSolutionNode = FALSE
	EndGlobalSection
	GlobalSection(ExtensibilityGlobals) = postSolution
		SolutionGuid = {D84C290A-DC33-43ED-B1E9-3FB7F1E4C391}
	EndGlobalSection
EndGlobal
