
Microsoft Visual Studio Solution File, Format Version 12.00
# Visual Studio Version 17
VisualStudioVersion = 17.2.32526.322
MinimumVisualStudioVersion = 10.0.40219.1
Project("{FAE04EC0-301F-11D3-BF4B-00C04F79EFBC}") = "CheckTheInputIsAVovelDigitOrOtherSymbol", "CheckTheInputIsAVovelDigitOrOtherSymbol\CheckTheInputIsAVovelDigitOrOtherSymbol.csproj", "{5DBAA0C8-7F31-4F11-BF6F-A1443FD158E5}"
EndProject
Global
	GlobalSection(SolutionConfigurationPlatforms) = preSolution
		Debug|Any CPU = Debug|Any CPU
		Release|Any CPU = Release|Any CPU
	EndGlobalSection
	GlobalSection(ProjectConfigurationPlatforms) = postSolution
		{5DBAA0C8-7F31-4F11-BF6F-A1443FD158E5}.Debug|Any CPU.ActiveCfg = Debug|Any CPU
		{5DBAA0C8-7F31-4F11-BF6F-A1443FD158E5}.Debug|Any CPU.Build.0 = Debug|Any CPU
		{5DBAA0C8-7F31-4F11-BF6F-A1443FD158E5}.Release|Any CPU.ActiveCfg = Release|Any CPU
		{5DBAA0C8-7F31-4F11-BF6F-A1443FD158E5}.Release|Any CPU.Build.0 = Release|Any CPU
	EndGlobalSection
	GlobalSection(SolutionProperties) = preSolution
		HideSolutionNode = FALSE
	EndGlobalSection
	GlobalSection(ExtensibilityGlobals) = postSolution
		SolutionGuid = {A3CD8F7B-FEB9-4621-9D6E-181D4C567F21}
	EndGlobalSection
EndGlobal
