
Microsoft Visual Studio Solution File, Format Version 12.00
# Visual Studio Version 17
VisualStudioVersion = 17.2.32526.322
MinimumVisualStudioVersion = 10.0.40219.1
Project("{FAE04EC0-301F-11D3-BF4B-00C04F79EFBC}") = "FloydsTriangle", "FloydsTriangle\FloydsTriangle.csproj", "{1942AA53-F4D2-426F-AF10-F21EDB2C19DA}"
EndProject
Global
	GlobalSection(SolutionConfigurationPlatforms) = preSolution
		Debug|Any CPU = Debug|Any CPU
		Release|Any CPU = Release|Any CPU
	EndGlobalSection
	GlobalSection(ProjectConfigurationPlatforms) = postSolution
		{1942AA53-F4D2-426F-AF10-F21EDB2C19DA}.Debug|Any CPU.ActiveCfg = Debug|Any CPU
		{1942AA53-F4D2-426F-AF10-F21EDB2C19DA}.Debug|Any CPU.Build.0 = Debug|Any CPU
		{1942AA53-F4D2-426F-AF10-F21EDB2C19DA}.Release|Any CPU.ActiveCfg = Release|Any CPU
		{1942AA53-F4D2-426F-AF10-F21EDB2C19DA}.Release|Any CPU.Build.0 = Release|Any CPU
	EndGlobalSection
	GlobalSection(SolutionProperties) = preSolution
		HideSolutionNode = FALSE
	EndGlobalSection
	GlobalSection(ExtensibilityGlobals) = postSolution
		SolutionGuid = {744F382E-9527-45B1-A601-DE5D0C8D9432}
	EndGlobalSection
EndGlobal
