
Microsoft Visual Studio Solution File, Format Version 12.00
# Visual Studio Version 17
VisualStudioVersion = 17.2.32526.322
MinimumVisualStudioVersion = 10.0.40219.1
Project("{FAE04EC0-301F-11D3-BF4B-00C04F79EFBC}") = "ComparingTwoStringsAndRetrunNumbersOfEquals", "ComparingTwoStringsAndRetrunNumbersOfEquals\ComparingTwoStringsAndRetrunNumbersOfEquals.csproj", "{3EE95683-728C-4E8F-A70E-D22ADB098A2E}"
EndProject
Global
	GlobalSection(SolutionConfigurationPlatforms) = preSolution
		Debug|Any CPU = Debug|Any CPU
		Release|Any CPU = Release|Any CPU
	EndGlobalSection
	GlobalSection(ProjectConfigurationPlatforms) = postSolution
		{3EE95683-728C-4E8F-A70E-D22ADB098A2E}.Debug|Any CPU.ActiveCfg = Debug|Any CPU
		{3EE95683-728C-4E8F-A70E-D22ADB098A2E}.Debug|Any CPU.Build.0 = Debug|Any CPU
		{3EE95683-728C-4E8F-A70E-D22ADB098A2E}.Release|Any CPU.ActiveCfg = Release|Any CPU
		{3EE95683-728C-4E8F-A70E-D22ADB098A2E}.Release|Any CPU.Build.0 = Release|Any CPU
	EndGlobalSection
	GlobalSection(SolutionProperties) = preSolution
		HideSolutionNode = FALSE
	EndGlobalSection
	GlobalSection(ExtensibilityGlobals) = postSolution
		SolutionGuid = {1440AC7A-3A59-41BD-8F17-9BCA4E7A042F}
	EndGlobalSection
EndGlobal
