
Microsoft Visual Studio Solution File, Format Version 12.00
# Visual Studio Version 17
VisualStudioVersion = 17.2.32616.157
MinimumVisualStudioVersion = 10.0.40219.1
Project("{FAE04EC0-301F-11D3-BF4B-00C04F79EFBC}") = "DemonstratesStructureInitializationWithoutOperator", "DemonstratesStructureInitializationWithoutOperator\DemonstratesStructureInitializationWithoutOperator.csproj", "{79075862-7855-4E67-8C13-9DB0BFF6ABF7}"
EndProject
Global
	GlobalSection(SolutionConfigurationPlatforms) = preSolution
		Debug|Any CPU = Debug|Any CPU
		Release|Any CPU = Release|Any CPU
	EndGlobalSection
	GlobalSection(ProjectConfigurationPlatforms) = postSolution
		{79075862-7855-4E67-8C13-9DB0BFF6ABF7}.Debug|Any CPU.ActiveCfg = Debug|Any CPU
		{79075862-7855-4E67-8C13-9DB0BFF6ABF7}.Debug|Any CPU.Build.0 = Debug|Any CPU
		{79075862-7855-4E67-8C13-9DB0BFF6ABF7}.Release|Any CPU.ActiveCfg = Release|Any CPU
		{79075862-7855-4E67-8C13-9DB0BFF6ABF7}.Release|Any CPU.Build.0 = Release|Any CPU
	EndGlobalSection
	GlobalSection(SolutionProperties) = preSolution
		HideSolutionNode = FALSE
	EndGlobalSection
	GlobalSection(ExtensibilityGlobals) = postSolution
		SolutionGuid = {57EDEA42-553C-47AA-8896-C3F47280E295}
	EndGlobalSection
EndGlobal
